
Microsoft Visual Studio Solution File, Format Version 12.00
# Visual Studio Version 17
VisualStudioVersion = 17.14.36717.8 d17.14
MinimumVisualStudioVersion = 10.0.40219.1
Project("{FAE04EC0-301F-11D3-BF4B-00C04F79EFBC}") = "KRI77-Helper", "KRI77-Helper\KRI77-Helper.csproj", "{644DBA77-65BC-4027-9D53-D868E8D87480}"
EndProject
Global
	GlobalSection(SolutionConfigurationPlatforms) = preSolution
		Debug|Any CPU = Debug|Any CPU
		Release|Any CPU = Release|Any CPU
	EndGlobalSection
	GlobalSection(ProjectConfigurationPlatforms) = postSolution
		{644DBA77-65BC-4027-9D53-D868E8D87480}.Debug|Any CPU.ActiveCfg = Debug|Any CPU
		{644DBA77-65BC-4027-9D53-D868E8D87480}.Debug|Any CPU.Build.0 = Debug|Any CPU
		{644DBA77-65BC-4027-9D53-D868E8D87480}.Release|Any CPU.ActiveCfg = Release|Any CPU
		{644DBA77-65BC-4027-9D53-D868E8D87480}.Release|Any CPU.Build.0 = Release|Any CPU
	EndGlobalSection
	GlobalSection(SolutionProperties) = preSolution
		HideSolutionNode = FALSE
	EndGlobalSection
	GlobalSection(ExtensibilityGlobals) = postSolution
		SolutionGuid = {12142C0C-C51B-47D3-ACE2-DF514444E800}
	EndGlobalSection
EndGlobal
